
Microsoft Visual Studio Solution File, Format Version 12.00
Project("{FAE04EC0-301F-11D3-BF4B-00C04F79EFBC}") = "SaaS.NET.Core", "src\SaaS.NET.Core\SaaS.NET.Core.csproj", "{EDF100B5-5E9D-48E8-B3F5-D4E3A40CFF17}"
EndProject
Project("{2150E333-8FDC-42A3-9474-1A3956D46DE8}") = "src", "src", "{4D27D0C0-1541-4B34-B139-EE63BC5C31A0}"
EndProject
Project("{FAE04EC0-301F-11D3-BF4B-00C04F79EFBC}") = "SaaS.NET.Application", "src\SaaS.NET.Application\SaaS.NET.Application.csproj", "{913F02B0-5E33-4653-A641-D0762C37BA29}"
EndProject
Project("{FAE04EC0-301F-11D3-BF4B-00C04F79EFBC}") = "SaaS.NET.Shared", "src\SaaS.NET.Shared\SaaS.NET.Shared.csproj", "{D12F1775-8DE6-455F-B0BD-44AE5795E43C}"
EndProject
Project("{FAE04EC0-301F-11D3-BF4B-00C04F79EFBC}") = "SaaS.NET.Infrastructure", "src\SaaS.NET.Infrastructure\SaaS.NET.Infrastructure.csproj", "{0C315493-D1C5-4A6A-A293-17F1774BAAED}"
EndProject
Project("{FAE04EC0-301F-11D3-BF4B-00C04F79EFBC}") = "SaaS.NET.Web", "src\ SaaS.NET.Web\SaaS.NET.Web.csproj", "{38C4485B-5213-4AD2-AA47-8CBA9085B8DD}"
EndProject
Project("{FAE04EC0-301F-11D3-BF4B-00C04F79EFBC}") = "SaaS.NET.Contracts", "src\SaaS.NET.Contracts\SaaS.NET.Contracts.csproj", "{3BF88282-1794-415D-93E5-193A702CE298}"
EndProject
Global
	GlobalSection(SolutionConfigurationPlatforms) = preSolution
		Debug|Any CPU = Debug|Any CPU
		Release|Any CPU = Release|Any CPU
	EndGlobalSection
	GlobalSection(ProjectConfigurationPlatforms) = postSolution
		{EDF100B5-5E9D-48E8-B3F5-D4E3A40CFF17}.Debug|Any CPU.ActiveCfg = Debug|Any CPU
		{EDF100B5-5E9D-48E8-B3F5-D4E3A40CFF17}.Debug|Any CPU.Build.0 = Debug|Any CPU
		{EDF100B5-5E9D-48E8-B3F5-D4E3A40CFF17}.Release|Any CPU.ActiveCfg = Release|Any CPU
		{EDF100B5-5E9D-48E8-B3F5-D4E3A40CFF17}.Release|Any CPU.Build.0 = Release|Any CPU
		{913F02B0-5E33-4653-A641-D0762C37BA29}.Debug|Any CPU.ActiveCfg = Debug|Any CPU
		{913F02B0-5E33-4653-A641-D0762C37BA29}.Debug|Any CPU.Build.0 = Debug|Any CPU
		{913F02B0-5E33-4653-A641-D0762C37BA29}.Release|Any CPU.ActiveCfg = Release|Any CPU
		{913F02B0-5E33-4653-A641-D0762C37BA29}.Release|Any CPU.Build.0 = Release|Any CPU
		{D12F1775-8DE6-455F-B0BD-44AE5795E43C}.Debug|Any CPU.ActiveCfg = Debug|Any CPU
		{D12F1775-8DE6-455F-B0BD-44AE5795E43C}.Debug|Any CPU.Build.0 = Debug|Any CPU
		{D12F1775-8DE6-455F-B0BD-44AE5795E43C}.Release|Any CPU.ActiveCfg = Release|Any CPU
		{D12F1775-8DE6-455F-B0BD-44AE5795E43C}.Release|Any CPU.Build.0 = Release|Any CPU
		{0C315493-D1C5-4A6A-A293-17F1774BAAED}.Debug|Any CPU.ActiveCfg = Debug|Any CPU
		{0C315493-D1C5-4A6A-A293-17F1774BAAED}.Debug|Any CPU.Build.0 = Debug|Any CPU
		{0C315493-D1C5-4A6A-A293-17F1774BAAED}.Release|Any CPU.ActiveCfg = Release|Any CPU
		{0C315493-D1C5-4A6A-A293-17F1774BAAED}.Release|Any CPU.Build.0 = Release|Any CPU
		{38C4485B-5213-4AD2-AA47-8CBA9085B8DD}.Debug|Any CPU.ActiveCfg = Debug|Any CPU
		{38C4485B-5213-4AD2-AA47-8CBA9085B8DD}.Debug|Any CPU.Build.0 = Debug|Any CPU
		{38C4485B-5213-4AD2-AA47-8CBA9085B8DD}.Release|Any CPU.ActiveCfg = Release|Any CPU
		{38C4485B-5213-4AD2-AA47-8CBA9085B8DD}.Release|Any CPU.Build.0 = Release|Any CPU
		{3BF88282-1794-415D-93E5-193A702CE298}.Debug|Any CPU.ActiveCfg = Debug|Any CPU
		{3BF88282-1794-415D-93E5-193A702CE298}.Debug|Any CPU.Build.0 = Debug|Any CPU
		{3BF88282-1794-415D-93E5-193A702CE298}.Release|Any CPU.ActiveCfg = Release|Any CPU
		{3BF88282-1794-415D-93E5-193A702CE298}.Release|Any CPU.Build.0 = Release|Any CPU
	EndGlobalSection
	GlobalSection(NestedProjects) = preSolution
		{EDF100B5-5E9D-48E8-B3F5-D4E3A40CFF17} = {4D27D0C0-1541-4B34-B139-EE63BC5C31A0}
		{913F02B0-5E33-4653-A641-D0762C37BA29} = {4D27D0C0-1541-4B34-B139-EE63BC5C31A0}
		{D12F1775-8DE6-455F-B0BD-44AE5795E43C} = {4D27D0C0-1541-4B34-B139-EE63BC5C31A0}
		{0C315493-D1C5-4A6A-A293-17F1774BAAED} = {4D27D0C0-1541-4B34-B139-EE63BC5C31A0}
		{38C4485B-5213-4AD2-AA47-8CBA9085B8DD} = {4D27D0C0-1541-4B34-B139-EE63BC5C31A0}
		{3BF88282-1794-415D-93E5-193A702CE298} = {4D27D0C0-1541-4B34-B139-EE63BC5C31A0}
	EndGlobalSection
EndGlobal
